
Microsoft Visual Studio Solution File, Format Version 12.00
# Visual Studio Version 17
VisualStudioVersion = 17.5.33414.496
MinimumVisualStudioVersion = 10.0.40219.1
Project("{9A19103F-16F7-4668-BE54-9A1E7A4F7556}") = "First", "ConsoleApp1\First.csproj", "{FCC975C3-EE14-4503-B1AC-82FED31AE6D7}"
EndProject
Global
	GlobalSection(SolutionConfigurationPlatforms) = preSolution
		Debug|Any CPU = Debug|Any CPU
		Release|Any CPU = Release|Any CPU
	EndGlobalSection
	GlobalSection(ProjectConfigurationPlatforms) = postSolution
		{FCC975C3-EE14-4503-B1AC-82FED31AE6D7}.Debug|Any CPU.ActiveCfg = Debug|Any CPU
		{FCC975C3-EE14-4503-B1AC-82FED31AE6D7}.Debug|Any CPU.Build.0 = Debug|Any CPU
		{FCC975C3-EE14-4503-B1AC-82FED31AE6D7}.Release|Any CPU.ActiveCfg = Release|Any CPU
		{FCC975C3-EE14-4503-B1AC-82FED31AE6D7}.Release|Any CPU.Build.0 = Release|Any CPU
	EndGlobalSection
	GlobalSection(SolutionProperties) = preSolution
		HideSolutionNode = FALSE
	EndGlobalSection
	GlobalSection(ExtensibilityGlobals) = postSolution
		SolutionGuid = {1B988DE8-6D33-4C33-8412-26B70B77AF21}
	EndGlobalSection
EndGlobal
